<Solution>
  <Folder Name="/src/">
    <Project Path="src/ProtonTune.App/ProtonTune.App.csproj" />
    <Project Path="src/ProtonTune.Core/ProtonTune.Core.csproj" />
    <Project Path="src/ProtonTune.GameConfiguration/ProtonTune.GameConfiguration.csproj" />
    <Project Path="src/ProtonTune.Lib.DLSS/ProtonTune.Lib.DLSS.csproj" />
    <Project Path="src/ProtonTune.Services/ProtonTune.Services.csproj" />
    <Project Path="src/ProtonTune.UI/ProtonTune.UI.csproj" />
  </Folder>
  <Folder Name="/tests/">
    <Project Path="tests/ProtonTune.Core.Tests/ProtonTune.Core.Tests.csproj" />
    <Project Path="tests/ProtonTune.Services.Tests/ProtonTune.Services.Tests.csproj" />
  </Folder>
</Solution>
