<Solution>
  <Folder Name="/src/">
    <Project Path="src/ProtonTune.App/ProtonTune.App.csproj" />
    <Project Path="src/ProtonTune.Core/ProtonTune.Core.csproj" />
    <Project Path="src/ProtonTune.Services/ProtonTune.Services.csproj" />
    <Project Path="src/ProtonTune.UI/ProtonTune.UI.csproj" />
  </Folder>
</Solution>
